
Microsoft Visual Studio Solution File, Format Version 12.00
# Visual Studio Version 17
VisualStudioVersion = 17.2.32616.157
MinimumVisualStudioVersion = 10.0.40219.1
Project("{FAE04EC0-301F-11D3-BF4B-00C04F79EFBC}") = "Login", "Login\Login.csproj", "{038DB901-DCE9-41C9-A49A-7E18A7283060}"
EndProject
Global
	GlobalSection(SolutionConfigurationPlatforms) = preSolution
		Debug|Any CPU = Debug|Any CPU
		Release|Any CPU = Release|Any CPU
	EndGlobalSection
	GlobalSection(ProjectConfigurationPlatforms) = postSolution
		{038DB901-DCE9-41C9-A49A-7E18A7283060}.Debug|Any CPU.ActiveCfg = Debug|Any CPU
		{038DB901-DCE9-41C9-A49A-7E18A7283060}.Debug|Any CPU.Build.0 = Debug|Any CPU
		{038DB901-DCE9-41C9-A49A-7E18A7283060}.Release|Any CPU.ActiveCfg = Release|Any CPU
		{038DB901-DCE9-41C9-A49A-7E18A7283060}.Release|Any CPU.Build.0 = Release|Any CPU
	EndGlobalSection
	GlobalSection(SolutionProperties) = preSolution
		HideSolutionNode = FALSE
	EndGlobalSection
	GlobalSection(ExtensibilityGlobals) = postSolution
		SolutionGuid = {88883514-0B11-49C0-8597-7214CA865099}
	EndGlobalSection
EndGlobal
